
Microsoft Visual Studio Solution File, Format Version 12.00
# Visual Studio Version 17
VisualStudioVersion = 17.7.34003.232
MinimumVisualStudioVersion = 10.0.40219.1
Project("{FAE04EC0-301F-11D3-BF4B-00C04F79EFBC}") = "projectdataasrama", "projectdataasrama.csproj", "{081A993A-6330-43FF-8B62-753F7C8BAF2D}"
EndProject
Global
	GlobalSection(SolutionConfigurationPlatforms) = preSolution
		Debug|Any CPU = Debug|Any CPU
		Release|Any CPU = Release|Any CPU
	EndGlobalSection
	GlobalSection(ProjectConfigurationPlatforms) = postSolution
		{081A993A-6330-43FF-8B62-753F7C8BAF2D}.Debug|Any CPU.ActiveCfg = Debug|Any CPU
		{081A993A-6330-43FF-8B62-753F7C8BAF2D}.Debug|Any CPU.Build.0 = Debug|Any CPU
		{081A993A-6330-43FF-8B62-753F7C8BAF2D}.Release|Any CPU.ActiveCfg = Release|Any CPU
		{081A993A-6330-43FF-8B62-753F7C8BAF2D}.Release|Any CPU.Build.0 = Release|Any CPU
	EndGlobalSection
	GlobalSection(SolutionProperties) = preSolution
		HideSolutionNode = FALSE
	EndGlobalSection
	GlobalSection(ExtensibilityGlobals) = postSolution
		SolutionGuid = {5CB62820-DBBC-45DB-BE1B-00D173497175}
	EndGlobalSection
EndGlobal
